
Microsoft Visual Studio Solution File, Format Version 12.00
# Visual Studio Version 16
VisualStudioVersion = 16.0.29728.190
MinimumVisualStudioVersion = 10.0.40219.1
Project("{FAE04EC0-301F-11D3-BF4B-00C04F79EFBC}") = "Domain", "src\Domain\Domain.csproj", "{C73D910E-F581-40FE-95D0-DBBFB9C6E699}"
EndProject
Global
	GlobalSection(SolutionConfigurationPlatforms) = preSolution
		Debug|Any CPU = Debug|Any CPU
		Release|Any CPU = Release|Any CPU
	EndGlobalSection
	GlobalSection(ProjectConfigurationPlatforms) = postSolution
		{C73D910E-F581-40FE-95D0-DBBFB9C6E699}.Debug|Any CPU.ActiveCfg = Debug|Any CPU
		{C73D910E-F581-40FE-95D0-DBBFB9C6E699}.Debug|Any CPU.Build.0 = Debug|Any CPU
		{C73D910E-F581-40FE-95D0-DBBFB9C6E699}.Release|Any CPU.ActiveCfg = Release|Any CPU
		{C73D910E-F581-40FE-95D0-DBBFB9C6E699}.Release|Any CPU.Build.0 = Release|Any CPU
	EndGlobalSection
	GlobalSection(SolutionProperties) = preSolution
		HideSolutionNode = FALSE
	EndGlobalSection
	GlobalSection(ExtensibilityGlobals) = postSolution
		SolutionGuid = {DA0520CD-C865-4A13-88B9-EC21D04A2E80}
	EndGlobalSection
EndGlobal
